
Microsoft Visual Studio Solution File, Format Version 12.00
# Visual Studio Version 17
VisualStudioVersion = 17.11.35327.3
MinimumVisualStudioVersion = 10.0.40219.1
Project("{FAE04EC0-301F-11D3-BF4B-00C04F79EFBC}") = "Week 6 Challenge Labs.2", "Week 6 Challenge Labs.2.csproj", "{61FFCF23-2BDD-4B85-BA36-79AF30F7CED5}"
EndProject
Global
	GlobalSection(SolutionConfigurationPlatforms) = preSolution
		Debug|Any CPU = Debug|Any CPU
		Release|Any CPU = Release|Any CPU
	EndGlobalSection
	GlobalSection(ProjectConfigurationPlatforms) = postSolution
		{61FFCF23-2BDD-4B85-BA36-79AF30F7CED5}.Debug|Any CPU.ActiveCfg = Debug|Any CPU
		{61FFCF23-2BDD-4B85-BA36-79AF30F7CED5}.Debug|Any CPU.Build.0 = Debug|Any CPU
		{61FFCF23-2BDD-4B85-BA36-79AF30F7CED5}.Release|Any CPU.ActiveCfg = Release|Any CPU
		{61FFCF23-2BDD-4B85-BA36-79AF30F7CED5}.Release|Any CPU.Build.0 = Release|Any CPU
	EndGlobalSection
	GlobalSection(SolutionProperties) = preSolution
		HideSolutionNode = FALSE
	EndGlobalSection
	GlobalSection(ExtensibilityGlobals) = postSolution
		SolutionGuid = {C37665D7-CBC8-49FC-A49E-A6118755D722}
	EndGlobalSection
EndGlobal
